
Microsoft Visual Studio Solution File, Format Version 12.00
# Visual Studio 15
VisualStudioVersion = 15.0.28307.168
MinimumVisualStudioVersion = 10.0.40219.1
Project("{F2A71F9B-5D33-465A-A702-920D77279786}") = "PCP_FSharp_Scripts", "PCP_FSharp_Scripts\PCP_FSharp_Scripts.fsproj", "{C370966D-642D-4A62-A4CC-AC7A73DD292F}"
EndProject
Global
	GlobalSection(SolutionConfigurationPlatforms) = preSolution
		Debug|Any CPU = Debug|Any CPU
		Release|Any CPU = Release|Any CPU
	EndGlobalSection
	GlobalSection(ProjectConfigurationPlatforms) = postSolution
		{C370966D-642D-4A62-A4CC-AC7A73DD292F}.Debug|Any CPU.ActiveCfg = Debug|Any CPU
		{C370966D-642D-4A62-A4CC-AC7A73DD292F}.Debug|Any CPU.Build.0 = Debug|Any CPU
		{C370966D-642D-4A62-A4CC-AC7A73DD292F}.Release|Any CPU.ActiveCfg = Release|Any CPU
		{C370966D-642D-4A62-A4CC-AC7A73DD292F}.Release|Any CPU.Build.0 = Release|Any CPU
	EndGlobalSection
	GlobalSection(SolutionProperties) = preSolution
		HideSolutionNode = FALSE
	EndGlobalSection
	GlobalSection(ExtensibilityGlobals) = postSolution
		SolutionGuid = {180C3EBE-1A0C-4B8F-8808-8C2D08C7E0F3}
	EndGlobalSection
EndGlobal
